// !$*UTF8*$!
{
	archiveVersion = 1;
	classes = {
	};
	objectVersion = 56;
	objects = {

/* Begin PBXBuildFile section */
		A00000000000000000000700 /* main.m in Sources */ = {isa = PBXBuildFile; fileRef = A00000000000000000000603 /* main.m */; };
		A00000000000000000000701 /* AppDelegate.m in Sources */ = {isa = PBXBuildFile; fileRef = A00000000000000000000605 /* AppDelegate.m */; };
		A00000000000000000000702 /* MRRDemoCategory.m in Sources */ = {isa = PBXBuildFile; fileRef = A00000000000000000000608 /* MRRDemoCategory.m */; };
		A00000000000000000000703 /* MRRDemoSummary.m in Sources */ = {isa = PBXBuildFile; fileRef = A0000000000000000000060A /* MRRDemoSummary.m */; };
		A00000000000000000000704 /* MRRDemoSection.m in Sources */ = {isa = PBXBuildFile; fileRef = A0000000000000000000060C /* MRRDemoSection.m */; };
		A00000000000000000000705 /* MRRDemoDetail.m in Sources */ = {isa = PBXBuildFile; fileRef = A0000000000000000000060E /* MRRDemoDetail.m */; };
		A0000000000000000000070A /* DemoDetailPresenter.m in Sources */ = {isa = PBXBuildFile; fileRef = A0000000000000000000061B /* DemoDetailPresenter.m */; };
		A0000000000000000000070C /* DemoListViewController.m in Sources */ = {isa = PBXBuildFile; fileRef = A0000000000000000000061F /* DemoListViewController.m */; };
		A0000000000000000000070D /* DemoDetailViewController.m in Sources */ = {isa = PBXBuildFile; fileRef = A00000000000000000000621 /* DemoDetailViewController.m */; };
		A0000000000000000000070E /* BasicsListViewController.m in Sources */ = {isa = PBXBuildFile; fileRef = A00000000000000000000623 /* BasicsListViewController.m */; };
		A0000000000000000000070F /* RelationshipsListViewController.m in Sources */ = {isa = PBXBuildFile; fileRef = A00000000000000000000625 /* RelationshipsListViewController.m */; };
		A00000000000000000000710 /* LifecycleListViewController.m in Sources */ = {isa = PBXBuildFile; fileRef = A00000000000000000000627 /* LifecycleListViewController.m */; };
		A00000000000000000000711 /* RepositoryAndUseCaseTests.m in Sources */ = {isa = PBXBuildFile; fileRef = A00000000000000000000628 /* RepositoryAndUseCaseTests.m */; };
		A00000000000000000000712 /* PresenterTests.m in Sources */ = {isa = PBXBuildFile; fileRef = A00000000000000000000629 /* PresenterTests.m */; };
		A00000000000000000000713 /* DemoScreenFactoryTests.m in Sources */ = {isa = PBXBuildFile; fileRef = A0000000000000000000062A /* DemoScreenFactoryTests.m */; };
		A00000000000000000000714 /* DemoListViewControllerTests.m in Sources */ = {isa = PBXBuildFile; fileRef = A0000000000000000000062B /* DemoListViewControllerTests.m */; };
		A00000000000000000000715 /* XCTest.framework in Frameworks */ = {isa = PBXBuildFile; fileRef = A00000000000000000000602 /* XCTest.framework */; };
		A00000000000000000000716 /* BasicsDemoRepository.m in Sources */ = {isa = PBXBuildFile; fileRef = A0000000000000000000062C /* BasicsDemoRepository.m */; };
		A00000000000000000000717 /* BasicsLoadDemoListUseCase.m in Sources */ = {isa = PBXBuildFile; fileRef = A0000000000000000000062D /* BasicsLoadDemoListUseCase.m */; };
		A00000000000000000000718 /* BasicsLoadDemoDetailUseCase.m in Sources */ = {isa = PBXBuildFile; fileRef = A0000000000000000000062E /* BasicsLoadDemoDetailUseCase.m */; };
		A00000000000000000000719 /* BasicsListPresenter.m in Sources */ = {isa = PBXBuildFile; fileRef = A0000000000000000000062F /* BasicsListPresenter.m */; };
		A0000000000000000000071A /* BasicsScreenFactory.m in Sources */ = {isa = PBXBuildFile; fileRef = A00000000000000000000630 /* BasicsScreenFactory.m */; };
		A0000000000000000000071B /* RelationshipsDemoRepository.m in Sources */ = {isa = PBXBuildFile; fileRef = A00000000000000000000631 /* RelationshipsDemoRepository.m */; };
		A0000000000000000000071C /* RelationshipsLoadDemoListUseCase.m in Sources */ = {isa = PBXBuildFile; fileRef = A00000000000000000000632 /* RelationshipsLoadDemoListUseCase.m */; };
		A0000000000000000000071D /* RelationshipsLoadDemoDetailUseCase.m in Sources */ = {isa = PBXBuildFile; fileRef = A00000000000000000000633 /* RelationshipsLoadDemoDetailUseCase.m */; };
		A0000000000000000000071E /* RelationshipsListPresenter.m in Sources */ = {isa = PBXBuildFile; fileRef = A00000000000000000000634 /* RelationshipsListPresenter.m */; };
		A0000000000000000000071F /* RelationshipsScreenFactory.m in Sources */ = {isa = PBXBuildFile; fileRef = A00000000000000000000635 /* RelationshipsScreenFactory.m */; };
		A00000000000000000000720 /* LifecycleDemoRepository.m in Sources */ = {isa = PBXBuildFile; fileRef = A00000000000000000000636 /* LifecycleDemoRepository.m */; };
		A00000000000000000000721 /* LifecycleLoadDemoListUseCase.m in Sources */ = {isa = PBXBuildFile; fileRef = A00000000000000000000637 /* LifecycleLoadDemoListUseCase.m */; };
		A00000000000000000000722 /* LifecycleLoadDemoDetailUseCase.m in Sources */ = {isa = PBXBuildFile; fileRef = A00000000000000000000638 /* LifecycleLoadDemoDetailUseCase.m */; };
		A00000000000000000000723 /* LifecycleListPresenter.m in Sources */ = {isa = PBXBuildFile; fileRef = A00000000000000000000639 /* LifecycleListPresenter.m */; };
		A00000000000000000000724 /* LifecycleScreenFactory.m in Sources */ = {isa = PBXBuildFile; fileRef = A0000000000000000000063A /* LifecycleScreenFactory.m */; };
		A00000000000000000000725 /* OnboardingStateController.m in Sources */ = {isa = PBXBuildFile; fileRef = A0000000000000000000064F /* OnboardingStateController.m */; };
		A00000000000000000000726 /* OnboardingViewController.m in Sources */ = {isa = PBXBuildFile; fileRef = A00000000000000000000651 /* OnboardingViewController.m */; };
		A00000000000000000000727 /* MainMenuViewController.m in Sources */ = {isa = PBXBuildFile; fileRef = A00000000000000000000653 /* MainMenuViewController.m */; };
		A00000000000000000000728 /* AppLaunchFlowTests.m in Sources */ = {isa = PBXBuildFile; fileRef = A00000000000000000000654 /* AppLaunchFlowTests.m */; };
/* End PBXBuildFile section */

/* Begin PBXContainerItemProxy section */
		A00000000000000000000500 /* PBXContainerItemProxy */ = {
			isa = PBXContainerItemProxy;
			containerPortal = A00000000000000000000001 /* Project object */;
			proxyType = 1;
			remoteGlobalIDString = A00000000000000000000100;
			remoteInfo = "MRR Project";
		};
/* End PBXContainerItemProxy section */

/* Begin PBXFileReference section */
		A00000000000000000000600 /* MRR Project.app */ = {isa = PBXFileReference; explicitFileType = wrapper.application; includeInIndex = 0; path = "MRR Project.app"; sourceTree = BUILT_PRODUCTS_DIR; };
		A00000000000000000000601 /* MRR ProjectTests.xctest */ = {isa = PBXFileReference; explicitFileType = wrapper.cfbundle; includeInIndex = 0; path = "MRR ProjectTests.xctest"; sourceTree = BUILT_PRODUCTS_DIR; };
		A00000000000000000000602 /* XCTest.framework */ = {isa = PBXFileReference; lastKnownFileType = wrapper.framework; name = XCTest.framework; path = System/Library/Frameworks/XCTest.framework; sourceTree = SDKROOT; };
		A00000000000000000000603 /* main.m */ = {isa = PBXFileReference; lastKnownFileType = sourcecode.c.objc; path = main.m; sourceTree = "<group>"; };
		A00000000000000000000604 /* AppDelegate.h */ = {isa = PBXFileReference; lastKnownFileType = sourcecode.c.h; path = AppDelegate.h; sourceTree = "<group>"; };
		A00000000000000000000605 /* AppDelegate.m */ = {isa = PBXFileReference; lastKnownFileType = sourcecode.c.objc; path = AppDelegate.m; sourceTree = "<group>"; };
		A00000000000000000000606 /* Info.plist */ = {isa = PBXFileReference; lastKnownFileType = text.plist.xml; path = Info.plist; sourceTree = "<group>"; };
		A00000000000000000000607 /* MRRDemoCategory.h */ = {isa = PBXFileReference; lastKnownFileType = sourcecode.c.h; path = MRRDemoCategory.h; sourceTree = "<group>"; };
		A00000000000000000000608 /* MRRDemoCategory.m */ = {isa = PBXFileReference; lastKnownFileType = sourcecode.c.objc; path = MRRDemoCategory.m; sourceTree = "<group>"; };
		A00000000000000000000609 /* MRRDemoSummary.h */ = {isa = PBXFileReference; lastKnownFileType = sourcecode.c.h; path = MRRDemoSummary.h; sourceTree = "<group>"; };
		A0000000000000000000060A /* MRRDemoSummary.m */ = {isa = PBXFileReference; lastKnownFileType = sourcecode.c.objc; path = MRRDemoSummary.m; sourceTree = "<group>"; };
		A0000000000000000000060B /* MRRDemoSection.h */ = {isa = PBXFileReference; lastKnownFileType = sourcecode.c.h; path = MRRDemoSection.h; sourceTree = "<group>"; };
		A0000000000000000000060C /* MRRDemoSection.m */ = {isa = PBXFileReference; lastKnownFileType = sourcecode.c.objc; path = MRRDemoSection.m; sourceTree = "<group>"; };
		A0000000000000000000060D /* MRRDemoDetail.h */ = {isa = PBXFileReference; lastKnownFileType = sourcecode.c.h; path = MRRDemoDetail.h; sourceTree = "<group>"; };
		A0000000000000000000060E /* MRRDemoDetail.m */ = {isa = PBXFileReference; lastKnownFileType = sourcecode.c.objc; path = MRRDemoDetail.m; sourceTree = "<group>"; };
		A0000000000000000000060F /* MRRDemoRepository.h */ = {isa = PBXFileReference; lastKnownFileType = sourcecode.c.h; path = MRRDemoRepository.h; sourceTree = "<group>"; };
		A00000000000000000000616 /* DemoListView.h */ = {isa = PBXFileReference; lastKnownFileType = sourcecode.c.h; path = DemoListView.h; sourceTree = "<group>"; };
		A00000000000000000000617 /* DemoDetailView.h */ = {isa = PBXFileReference; lastKnownFileType = sourcecode.c.h; path = DemoDetailView.h; sourceTree = "<group>"; };
		A0000000000000000000061A /* DemoDetailPresenter.h */ = {isa = PBXFileReference; lastKnownFileType = sourcecode.c.h; path = DemoDetailPresenter.h; sourceTree = "<group>"; };
		A0000000000000000000061B /* DemoDetailPresenter.m */ = {isa = PBXFileReference; lastKnownFileType = sourcecode.c.objc; path = DemoDetailPresenter.m; sourceTree = "<group>"; };
		A0000000000000000000061E /* DemoListViewController.h */ = {isa = PBXFileReference; lastKnownFileType = sourcecode.c.h; path = DemoListViewController.h; sourceTree = "<group>"; };
		A0000000000000000000061F /* DemoListViewController.m */ = {isa = PBXFileReference; lastKnownFileType = sourcecode.c.objc; path = DemoListViewController.m; sourceTree = "<group>"; };
		A00000000000000000000620 /* DemoDetailViewController.h */ = {isa = PBXFileReference; lastKnownFileType = sourcecode.c.h; path = DemoDetailViewController.h; sourceTree = "<group>"; };
		A00000000000000000000621 /* DemoDetailViewController.m */ = {isa = PBXFileReference; lastKnownFileType = sourcecode.c.objc; path = DemoDetailViewController.m; sourceTree = "<group>"; };
		A00000000000000000000622 /* BasicsListViewController.h */ = {isa = PBXFileReference; lastKnownFileType = sourcecode.c.h; path = BasicsListViewController.h; sourceTree = "<group>"; };
		A00000000000000000000623 /* BasicsListViewController.m */ = {isa = PBXFileReference; lastKnownFileType = sourcecode.c.objc; path = BasicsListViewController.m; sourceTree = "<group>"; };
		A00000000000000000000624 /* RelationshipsListViewController.h */ = {isa = PBXFileReference; lastKnownFileType = sourcecode.c.h; path = RelationshipsListViewController.h; sourceTree = "<group>"; };
		A00000000000000000000625 /* RelationshipsListViewController.m */ = {isa = PBXFileReference; lastKnownFileType = sourcecode.c.objc; path = RelationshipsListViewController.m; sourceTree = "<group>"; };
		A00000000000000000000626 /* LifecycleListViewController.h */ = {isa = PBXFileReference; lastKnownFileType = sourcecode.c.h; path = LifecycleListViewController.h; sourceTree = "<group>"; };
		A00000000000000000000627 /* LifecycleListViewController.m */ = {isa = PBXFileReference; lastKnownFileType = sourcecode.c.objc; path = LifecycleListViewController.m; sourceTree = "<group>"; };
		A00000000000000000000628 /* RepositoryAndUseCaseTests.m */ = {isa = PBXFileReference; lastKnownFileType = sourcecode.c.objc; path = RepositoryAndUseCaseTests.m; sourceTree = "<group>"; };
		A00000000000000000000629 /* PresenterTests.m */ = {isa = PBXFileReference; lastKnownFileType = sourcecode.c.objc; path = PresenterTests.m; sourceTree = "<group>"; };
		A0000000000000000000062A /* DemoScreenFactoryTests.m */ = {isa = PBXFileReference; lastKnownFileType = sourcecode.c.objc; path = DemoScreenFactoryTests.m; sourceTree = "<group>"; };
		A0000000000000000000062B /* DemoListViewControllerTests.m */ = {isa = PBXFileReference; lastKnownFileType = sourcecode.c.objc; path = DemoListViewControllerTests.m; sourceTree = "<group>"; };
		A0000000000000000000062C /* BasicsDemoRepository.m */ = {isa = PBXFileReference; lastKnownFileType = sourcecode.c.objc; path = BasicsDemoRepository.m; sourceTree = "<group>"; };
		A0000000000000000000062D /* BasicsLoadDemoListUseCase.m */ = {isa = PBXFileReference; lastKnownFileType = sourcecode.c.objc; path = BasicsLoadDemoListUseCase.m; sourceTree = "<group>"; };
		A0000000000000000000062E /* BasicsLoadDemoDetailUseCase.m */ = {isa = PBXFileReference; lastKnownFileType = sourcecode.c.objc; path = BasicsLoadDemoDetailUseCase.m; sourceTree = "<group>"; };
		A0000000000000000000062F /* BasicsListPresenter.m */ = {isa = PBXFileReference; lastKnownFileType = sourcecode.c.objc; path = BasicsListPresenter.m; sourceTree = "<group>"; };
		A00000000000000000000630 /* BasicsScreenFactory.m */ = {isa = PBXFileReference; lastKnownFileType = sourcecode.c.objc; path = BasicsScreenFactory.m; sourceTree = "<group>"; };
		A00000000000000000000631 /* RelationshipsDemoRepository.m */ = {isa = PBXFileReference; lastKnownFileType = sourcecode.c.objc; path = RelationshipsDemoRepository.m; sourceTree = "<group>"; };
		A00000000000000000000632 /* RelationshipsLoadDemoListUseCase.m */ = {isa = PBXFileReference; lastKnownFileType = sourcecode.c.objc; path = RelationshipsLoadDemoListUseCase.m; sourceTree = "<group>"; };
		A00000000000000000000633 /* RelationshipsLoadDemoDetailUseCase.m */ = {isa = PBXFileReference; lastKnownFileType = sourcecode.c.objc; path = RelationshipsLoadDemoDetailUseCase.m; sourceTree = "<group>"; };
		A00000000000000000000634 /* RelationshipsListPresenter.m */ = {isa = PBXFileReference; lastKnownFileType = sourcecode.c.objc; path = RelationshipsListPresenter.m; sourceTree = "<group>"; };
		A00000000000000000000635 /* RelationshipsScreenFactory.m */ = {isa = PBXFileReference; lastKnownFileType = sourcecode.c.objc; path = RelationshipsScreenFactory.m; sourceTree = "<group>"; };
		A00000000000000000000636 /* LifecycleDemoRepository.m */ = {isa = PBXFileReference; lastKnownFileType = sourcecode.c.objc; path = LifecycleDemoRepository.m; sourceTree = "<group>"; };
		A00000000000000000000637 /* LifecycleLoadDemoListUseCase.m */ = {isa = PBXFileReference; lastKnownFileType = sourcecode.c.objc; path = LifecycleLoadDemoListUseCase.m; sourceTree = "<group>"; };
		A00000000000000000000638 /* LifecycleLoadDemoDetailUseCase.m */ = {isa = PBXFileReference; lastKnownFileType = sourcecode.c.objc; path = LifecycleLoadDemoDetailUseCase.m; sourceTree = "<group>"; };
		A00000000000000000000639 /* LifecycleListPresenter.m */ = {isa = PBXFileReference; lastKnownFileType = sourcecode.c.objc; path = LifecycleListPresenter.m; sourceTree = "<group>"; };
		A0000000000000000000063A /* LifecycleScreenFactory.m */ = {isa = PBXFileReference; lastKnownFileType = sourcecode.c.objc; path = LifecycleScreenFactory.m; sourceTree = "<group>"; };
		A0000000000000000000063B /* DemoListLoading.h */ = {isa = PBXFileReference; lastKnownFileType = sourcecode.c.h; path = DemoListLoading.h; sourceTree = "<group>"; };
		A0000000000000000000063C /* DemoDetailLoading.h */ = {isa = PBXFileReference; lastKnownFileType = sourcecode.c.h; path = DemoDetailLoading.h; sourceTree = "<group>"; };
		A0000000000000000000063D /* DemoListPresenting.h */ = {isa = PBXFileReference; lastKnownFileType = sourcecode.c.h; path = DemoListPresenting.h; sourceTree = "<group>"; };
		A0000000000000000000063E /* DemoScreenBuilding.h */ = {isa = PBXFileReference; lastKnownFileType = sourcecode.c.h; path = DemoScreenBuilding.h; sourceTree = "<group>"; };
		A0000000000000000000063F /* BasicsDemoRepository.h */ = {isa = PBXFileReference; lastKnownFileType = sourcecode.c.h; path = BasicsDemoRepository.h; sourceTree = "<group>"; };
		A00000000000000000000640 /* BasicsLoadDemoListUseCase.h */ = {isa = PBXFileReference; lastKnownFileType = sourcecode.c.h; path = BasicsLoadDemoListUseCase.h; sourceTree = "<group>"; };
		A00000000000000000000641 /* BasicsLoadDemoDetailUseCase.h */ = {isa = PBXFileReference; lastKnownFileType = sourcecode.c.h; path = BasicsLoadDemoDetailUseCase.h; sourceTree = "<group>"; };
		A00000000000000000000642 /* BasicsListPresenter.h */ = {isa = PBXFileReference; lastKnownFileType = sourcecode.c.h; path = BasicsListPresenter.h; sourceTree = "<group>"; };
		A00000000000000000000643 /* BasicsScreenFactory.h */ = {isa = PBXFileReference; lastKnownFileType = sourcecode.c.h; path = BasicsScreenFactory.h; sourceTree = "<group>"; };
		A00000000000000000000644 /* RelationshipsDemoRepository.h */ = {isa = PBXFileReference; lastKnownFileType = sourcecode.c.h; path = RelationshipsDemoRepository.h; sourceTree = "<group>"; };
		A00000000000000000000645 /* RelationshipsLoadDemoListUseCase.h */ = {isa = PBXFileReference; lastKnownFileType = sourcecode.c.h; path = RelationshipsLoadDemoListUseCase.h; sourceTree = "<group>"; };
		A00000000000000000000646 /* RelationshipsLoadDemoDetailUseCase.h */ = {isa = PBXFileReference; lastKnownFileType = sourcecode.c.h; path = RelationshipsLoadDemoDetailUseCase.h; sourceTree = "<group>"; };
		A00000000000000000000647 /* RelationshipsListPresenter.h */ = {isa = PBXFileReference; lastKnownFileType = sourcecode.c.h; path = RelationshipsListPresenter.h; sourceTree = "<group>"; };
		A00000000000000000000648 /* RelationshipsScreenFactory.h */ = {isa = PBXFileReference; lastKnownFileType = sourcecode.c.h; path = RelationshipsScreenFactory.h; sourceTree = "<group>"; };
		A00000000000000000000649 /* LifecycleDemoRepository.h */ = {isa = PBXFileReference; lastKnownFileType = sourcecode.c.h; path = LifecycleDemoRepository.h; sourceTree = "<group>"; };
		A0000000000000000000064A /* LifecycleLoadDemoListUseCase.h */ = {isa = PBXFileReference; lastKnownFileType = sourcecode.c.h; path = LifecycleLoadDemoListUseCase.h; sourceTree = "<group>"; };
		A0000000000000000000064B /* LifecycleLoadDemoDetailUseCase.h */ = {isa = PBXFileReference; lastKnownFileType = sourcecode.c.h; path = LifecycleLoadDemoDetailUseCase.h; sourceTree = "<group>"; };
		A0000000000000000000064C /* LifecycleListPresenter.h */ = {isa = PBXFileReference; lastKnownFileType = sourcecode.c.h; path = LifecycleListPresenter.h; sourceTree = "<group>"; };
		A0000000000000000000064D /* LifecycleScreenFactory.h */ = {isa = PBXFileReference; lastKnownFileType = sourcecode.c.h; path = LifecycleScreenFactory.h; sourceTree = "<group>"; };
		A0000000000000000000064E /* OnboardingStateController.h */ = {isa = PBXFileReference; lastKnownFileType = sourcecode.c.h; path = OnboardingStateController.h; sourceTree = "<group>"; };
		A0000000000000000000064F /* OnboardingStateController.m */ = {isa = PBXFileReference; lastKnownFileType = sourcecode.c.objc; path = OnboardingStateController.m; sourceTree = "<group>"; };
		A00000000000000000000650 /* OnboardingViewController.h */ = {isa = PBXFileReference; lastKnownFileType = sourcecode.c.h; path = OnboardingViewController.h; sourceTree = "<group>"; };
		A00000000000000000000651 /* OnboardingViewController.m */ = {isa = PBXFileReference; lastKnownFileType = sourcecode.c.objc; path = OnboardingViewController.m; sourceTree = "<group>"; };
		A00000000000000000000652 /* MainMenuViewController.h */ = {isa = PBXFileReference; lastKnownFileType = sourcecode.c.h; path = MainMenuViewController.h; sourceTree = "<group>"; };
		A00000000000000000000653 /* MainMenuViewController.m */ = {isa = PBXFileReference; lastKnownFileType = sourcecode.c.objc; path = MainMenuViewController.m; sourceTree = "<group>"; };
		A00000000000000000000654 /* AppLaunchFlowTests.m */ = {isa = PBXFileReference; lastKnownFileType = sourcecode.c.objc; path = AppLaunchFlowTests.m; sourceTree = "<group>"; };
/* End PBXFileReference section */

/* Begin PBXFrameworksBuildPhase section */
		A00000000000000000000401 /* Frameworks */ = {
			isa = PBXFrameworksBuildPhase;
			buildActionMask = 2147483647;
			files = (
			);
			runOnlyForDeploymentPostprocessing = 0;
		};
		A00000000000000000000404 /* Frameworks */ = {
			isa = PBXFrameworksBuildPhase;
			buildActionMask = 2147483647;
			files = (
				A00000000000000000000715 /* XCTest.framework in Frameworks */,
			);
			runOnlyForDeploymentPostprocessing = 0;
		};
/* End PBXFrameworksBuildPhase section */

/* Begin PBXGroup section */
		A00000000000000000000002 = {
			isa = PBXGroup;
			children = (
				A00000000000000000000003 /* MRR Project */,
				A00000000000000000000005 /* MRR ProjectTests */,
				A00000000000000000000004 /* Products */,
			);
			sourceTree = "<group>";
		};
		A00000000000000000000003 /* MRR Project */ = {
			isa = PBXGroup;
			children = (
				A00000000000000000000018 /* App */,
				A00000000000000000000006 /* Core */,
				A00000000000000000000011 /* Features */,
			);
			path = "MRR Project";
			sourceTree = "<group>";
		};
		A00000000000000000000004 /* Products */ = {
			isa = PBXGroup;
			children = (
				A00000000000000000000600 /* MRR Project.app */,
				A00000000000000000000601 /* MRR ProjectTests.xctest */,
			);
			name = Products;
			sourceTree = "<group>";
		};
		A00000000000000000000005 /* MRR ProjectTests */ = {
			isa = PBXGroup;
			children = (
				A00000000000000000000628 /* RepositoryAndUseCaseTests.m */,
				A00000000000000000000629 /* PresenterTests.m */,
				A0000000000000000000062A /* DemoScreenFactoryTests.m */,
				A0000000000000000000062B /* DemoListViewControllerTests.m */,
				A00000000000000000000654 /* AppLaunchFlowTests.m */,
			);
			path = "MRR ProjectTests";
			sourceTree = "<group>";
		};
		A00000000000000000000006 /* Core */ = {
			isa = PBXGroup;
			children = (
				A00000000000000000000007 /* Domain */,
				A00000000000000000000008 /* Data */,
				A00000000000000000000009 /* Presentation */,
			);
			path = Core;
			sourceTree = "<group>";
		};
		A00000000000000000000007 /* Domain */ = {
			isa = PBXGroup;
			children = (
				A0000000000000000000000A /* Models */,
				A0000000000000000000000B /* Repositories */,
				A0000000000000000000000C /* UseCases */,
			);
			path = Domain;
			sourceTree = "<group>";
		};
		A00000000000000000000008 /* Data */ = {
			isa = PBXGroup;
			children = (
			);
			path = Data;
			sourceTree = "<group>";
		};
		A00000000000000000000009 /* Presentation */ = {
			isa = PBXGroup;
			children = (
				A0000000000000000000000D /* Protocols */,
				A0000000000000000000000E /* Presenters */,
				A0000000000000000000000F /* Factories */,
				A00000000000000000000010 /* ViewControllers */,
			);
			path = Presentation;
			sourceTree = "<group>";
		};
		A0000000000000000000000A /* Models */ = {
			isa = PBXGroup;
			children = (
				A00000000000000000000607 /* MRRDemoCategory.h */,
				A00000000000000000000608 /* MRRDemoCategory.m */,
				A00000000000000000000609 /* MRRDemoSummary.h */,
				A0000000000000000000060A /* MRRDemoSummary.m */,
				A0000000000000000000060B /* MRRDemoSection.h */,
				A0000000000000000000060C /* MRRDemoSection.m */,
				A0000000000000000000060D /* MRRDemoDetail.h */,
				A0000000000000000000060E /* MRRDemoDetail.m */,
			);
			path = Models;
			sourceTree = "<group>";
		};
		A0000000000000000000000B /* Repositories */ = {
			isa = PBXGroup;
			children = (
				A0000000000000000000060F /* MRRDemoRepository.h */,
			);
			path = Repositories;
			sourceTree = "<group>";
		};
		A0000000000000000000000C /* UseCases */ = {
			isa = PBXGroup;
			children = (
				A0000000000000000000063B /* DemoListLoading.h */,
				A0000000000000000000063C /* DemoDetailLoading.h */,
			);
			path = UseCases;
			sourceTree = "<group>";
		};
		A0000000000000000000000D /* Protocols */ = {
			isa = PBXGroup;
			children = (
				A00000000000000000000616 /* DemoListView.h */,
				A00000000000000000000617 /* DemoDetailView.h */,
				A0000000000000000000063D /* DemoListPresenting.h */,
				A0000000000000000000063E /* DemoScreenBuilding.h */,
			);
			path = Protocols;
			sourceTree = "<group>";
		};
		A0000000000000000000000E /* Presenters */ = {
			isa = PBXGroup;
			children = (
				A0000000000000000000061A /* DemoDetailPresenter.h */,
				A0000000000000000000061B /* DemoDetailPresenter.m */,
			);
			path = Presenters;
			sourceTree = "<group>";
		};
		A0000000000000000000000F /* Factories */ = {
			isa = PBXGroup;
			children = (
			);
			path = Factories;
			sourceTree = "<group>";
		};
		A00000000000000000000010 /* ViewControllers */ = {
			isa = PBXGroup;
			children = (
				A0000000000000000000061E /* DemoListViewController.h */,
				A0000000000000000000061F /* DemoListViewController.m */,
				A00000000000000000000620 /* DemoDetailViewController.h */,
				A00000000000000000000621 /* DemoDetailViewController.m */,
			);
			path = ViewControllers;
			sourceTree = "<group>";
		};
		A00000000000000000000011 /* Features */ = {
			isa = PBXGroup;
			children = (
				A00000000000000000000012 /* Basics */,
				A00000000000000000000014 /* Relationships */,
				A00000000000000000000016 /* Lifecycle */,
			);
			path = Features;
			sourceTree = "<group>";
		};
		A00000000000000000000012 /* Basics */ = {
			isa = PBXGroup;
			children = (
				A00000000000000000000019 /* Data */,
				A0000000000000000000001A /* Domain */,
				A00000000000000000000013 /* Presentation */,
			);
			path = Basics;
			sourceTree = "<group>";
		};
		A00000000000000000000013 /* Presentation */ = {
			isa = PBXGroup;
			children = (
				A0000000000000000000001C /* Factories */,
				A0000000000000000000001D /* Presenters */,
				A0000000000000000000001E /* ViewControllers */,
			);
			path = Presentation;
			sourceTree = "<group>";
		};
		A00000000000000000000019 /* Data */ = {
			isa = PBXGroup;
			children = (
				A0000000000000000000063F /* BasicsDemoRepository.h */,
				A0000000000000000000062C /* BasicsDemoRepository.m */,
			);
			path = Data;
			sourceTree = "<group>";
		};
		A0000000000000000000001A /* Domain */ = {
			isa = PBXGroup;
			children = (
				A0000000000000000000001B /* UseCases */,
			);
			path = Domain;
			sourceTree = "<group>";
		};
		A0000000000000000000001B /* UseCases */ = {
			isa = PBXGroup;
			children = (
				A00000000000000000000640 /* BasicsLoadDemoListUseCase.h */,
				A0000000000000000000062D /* BasicsLoadDemoListUseCase.m */,
				A00000000000000000000641 /* BasicsLoadDemoDetailUseCase.h */,
				A0000000000000000000062E /* BasicsLoadDemoDetailUseCase.m */,
			);
			path = UseCases;
			sourceTree = "<group>";
		};
		A0000000000000000000001C /* Factories */ = {
			isa = PBXGroup;
			children = (
				A00000000000000000000643 /* BasicsScreenFactory.h */,
				A00000000000000000000630 /* BasicsScreenFactory.m */,
			);
			path = Factories;
			sourceTree = "<group>";
		};
		A0000000000000000000001D /* Presenters */ = {
			isa = PBXGroup;
			children = (
				A00000000000000000000642 /* BasicsListPresenter.h */,
				A0000000000000000000062F /* BasicsListPresenter.m */,
			);
			path = Presenters;
			sourceTree = "<group>";
		};
		A0000000000000000000001E /* ViewControllers */ = {
			isa = PBXGroup;
			children = (
				A00000000000000000000622 /* BasicsListViewController.h */,
				A00000000000000000000623 /* BasicsListViewController.m */,
			);
			path = ViewControllers;
			sourceTree = "<group>";
		};
		A00000000000000000000014 /* Relationships */ = {
			isa = PBXGroup;
			children = (
				A0000000000000000000001F /* Data */,
				A00000000000000000000020 /* Domain */,
				A00000000000000000000015 /* Presentation */,
			);
			path = Relationships;
			sourceTree = "<group>";
		};
		A00000000000000000000015 /* Presentation */ = {
			isa = PBXGroup;
			children = (
				A00000000000000000000022 /* Factories */,
				A00000000000000000000023 /* Presenters */,
				A00000000000000000000024 /* ViewControllers */,
			);
			path = Presentation;
			sourceTree = "<group>";
		};
		A0000000000000000000001F /* Data */ = {
			isa = PBXGroup;
			children = (
				A00000000000000000000644 /* RelationshipsDemoRepository.h */,
				A00000000000000000000631 /* RelationshipsDemoRepository.m */,
			);
			path = Data;
			sourceTree = "<group>";
		};
		A00000000000000000000020 /* Domain */ = {
			isa = PBXGroup;
			children = (
				A00000000000000000000021 /* UseCases */,
			);
			path = Domain;
			sourceTree = "<group>";
		};
		A00000000000000000000021 /* UseCases */ = {
			isa = PBXGroup;
			children = (
				A00000000000000000000645 /* RelationshipsLoadDemoListUseCase.h */,
				A00000000000000000000632 /* RelationshipsLoadDemoListUseCase.m */,
				A00000000000000000000646 /* RelationshipsLoadDemoDetailUseCase.h */,
				A00000000000000000000633 /* RelationshipsLoadDemoDetailUseCase.m */,
			);
			path = UseCases;
			sourceTree = "<group>";
		};
		A00000000000000000000022 /* Factories */ = {
			isa = PBXGroup;
			children = (
				A00000000000000000000648 /* RelationshipsScreenFactory.h */,
				A00000000000000000000635 /* RelationshipsScreenFactory.m */,
			);
			path = Factories;
			sourceTree = "<group>";
		};
		A00000000000000000000023 /* Presenters */ = {
			isa = PBXGroup;
			children = (
				A00000000000000000000647 /* RelationshipsListPresenter.h */,
				A00000000000000000000634 /* RelationshipsListPresenter.m */,
			);
			path = Presenters;
			sourceTree = "<group>";
		};
		A00000000000000000000024 /* ViewControllers */ = {
			isa = PBXGroup;
			children = (
				A00000000000000000000624 /* RelationshipsListViewController.h */,
				A00000000000000000000625 /* RelationshipsListViewController.m */,
			);
			path = ViewControllers;
			sourceTree = "<group>";
		};
		A00000000000000000000016 /* Lifecycle */ = {
			isa = PBXGroup;
			children = (
				A00000000000000000000025 /* Data */,
				A00000000000000000000026 /* Domain */,
				A00000000000000000000017 /* Presentation */,
			);
			path = Lifecycle;
			sourceTree = "<group>";
		};
		A00000000000000000000017 /* Presentation */ = {
			isa = PBXGroup;
			children = (
				A00000000000000000000028 /* Factories */,
				A00000000000000000000029 /* Presenters */,
				A0000000000000000000002A /* ViewControllers */,
			);
			path = Presentation;
			sourceTree = "<group>";
		};
		A00000000000000000000025 /* Data */ = {
			isa = PBXGroup;
			children = (
				A00000000000000000000649 /* LifecycleDemoRepository.h */,
				A00000000000000000000636 /* LifecycleDemoRepository.m */,
			);
			path = Data;
			sourceTree = "<group>";
		};
		A00000000000000000000026 /* Domain */ = {
			isa = PBXGroup;
			children = (
				A00000000000000000000027 /* UseCases */,
			);
			path = Domain;
			sourceTree = "<group>";
		};
		A00000000000000000000027 /* UseCases */ = {
			isa = PBXGroup;
			children = (
				A0000000000000000000064A /* LifecycleLoadDemoListUseCase.h */,
				A00000000000000000000637 /* LifecycleLoadDemoListUseCase.m */,
				A0000000000000000000064B /* LifecycleLoadDemoDetailUseCase.h */,
				A00000000000000000000638 /* LifecycleLoadDemoDetailUseCase.m */,
			);
			path = UseCases;
			sourceTree = "<group>";
		};
		A00000000000000000000028 /* Factories */ = {
			isa = PBXGroup;
			children = (
				A0000000000000000000064D /* LifecycleScreenFactory.h */,
				A0000000000000000000063A /* LifecycleScreenFactory.m */,
			);
			path = Factories;
			sourceTree = "<group>";
		};
		A00000000000000000000029 /* Presenters */ = {
			isa = PBXGroup;
			children = (
				A0000000000000000000064C /* LifecycleListPresenter.h */,
				A00000000000000000000639 /* LifecycleListPresenter.m */,
			);
			path = Presenters;
			sourceTree = "<group>";
		};
		A0000000000000000000002A /* ViewControllers */ = {
			isa = PBXGroup;
			children = (
				A00000000000000000000626 /* LifecycleListViewController.h */,
				A00000000000000000000627 /* LifecycleListViewController.m */,
			);
			path = ViewControllers;
			sourceTree = "<group>";
		};
		A00000000000000000000018 /* App */ = {
			isa = PBXGroup;
			children = (
				A00000000000000000000604 /* AppDelegate.h */,
				A00000000000000000000605 /* AppDelegate.m */,
				A0000000000000000000064E /* OnboardingStateController.h */,
				A0000000000000000000064F /* OnboardingStateController.m */,
				A00000000000000000000650 /* OnboardingViewController.h */,
				A00000000000000000000651 /* OnboardingViewController.m */,
				A00000000000000000000652 /* MainMenuViewController.h */,
				A00000000000000000000653 /* MainMenuViewController.m */,
				A00000000000000000000603 /* main.m */,
				A00000000000000000000606 /* Info.plist */,
			);
			path = App;
			sourceTree = "<group>";
		};
/* End PBXGroup section */

/* Begin PBXNativeTarget section */
		A00000000000000000000100 /* MRR Project */ = {
			isa = PBXNativeTarget;
			buildConfigurationList = A00000000000000000000200 /* Build configuration list for PBXNativeTarget "MRR Project" */;
			buildPhases = (
				A00000000000000000000400 /* Sources */,
				A00000000000000000000401 /* Frameworks */,
				A00000000000000000000402 /* Resources */,
			);
			buildRules = (
			);
			dependencies = (
			);
			name = "MRR Project";
			productName = "MRR Project";
			productReference = A00000000000000000000600 /* MRR Project.app */;
			productType = "com.apple.product-type.application";
		};
		A00000000000000000000101 /* MRR ProjectTests */ = {
			isa = PBXNativeTarget;
			buildConfigurationList = A00000000000000000000201 /* Build configuration list for PBXNativeTarget "MRR ProjectTests" */;
			buildPhases = (
				A00000000000000000000403 /* Sources */,
				A00000000000000000000404 /* Frameworks */,
				A00000000000000000000405 /* Resources */,
			);
			buildRules = (
			);
			dependencies = (
				A00000000000000000000501 /* PBXTargetDependency */,
			);
			name = "MRR ProjectTests";
			productName = "MRR ProjectTests";
			productReference = A00000000000000000000601 /* MRR ProjectTests.xctest */;
			productType = "com.apple.product-type.bundle.unit-test";
		};
/* End PBXNativeTarget section */

/* Begin PBXProject section */
		A00000000000000000000001 /* Project object */ = {
			isa = PBXProject;
			attributes = {
				BuildIndependentTargetsInParallel = 1;
				LastUpgradeCheck = 1500;
				TargetAttributes = {
					A00000000000000000000100 = {
						CreatedOnToolsVersion = 15.0;
					};
					A00000000000000000000101 = {
						CreatedOnToolsVersion = 15.0;
						TestTargetID = A00000000000000000000100;
					};
				};
			};
			buildConfigurationList = A00000000000000000000202 /* Build configuration list for PBXProject "MRR Project" */;
			compatibilityVersion = "Xcode 14.0";
			developmentRegion = en;
			hasScannedForEncodings = 0;
			knownRegions = (
				en,
				Base,
			);
			mainGroup = A00000000000000000000002;
			productRefGroup = A00000000000000000000004 /* Products */;
			projectDirPath = "";
			projectRoot = "";
			targets = (
				A00000000000000000000100 /* MRR Project */,
				A00000000000000000000101 /* MRR ProjectTests */,
			);
		};
/* End PBXProject section */

/* Begin PBXResourcesBuildPhase section */
		A00000000000000000000402 /* Resources */ = {
			isa = PBXResourcesBuildPhase;
			buildActionMask = 2147483647;
			files = (
			);
			runOnlyForDeploymentPostprocessing = 0;
		};
		A00000000000000000000405 /* Resources */ = {
			isa = PBXResourcesBuildPhase;
			buildActionMask = 2147483647;
			files = (
			);
			runOnlyForDeploymentPostprocessing = 0;
		};
/* End PBXResourcesBuildPhase section */

/* Begin PBXSourcesBuildPhase section */
		A00000000000000000000400 /* Sources */ = {
			isa = PBXSourcesBuildPhase;
			buildActionMask = 2147483647;
			files = (
				A00000000000000000000700 /* main.m in Sources */,
				A00000000000000000000701 /* AppDelegate.m in Sources */,
				A00000000000000000000702 /* MRRDemoCategory.m in Sources */,
				A00000000000000000000703 /* MRRDemoSummary.m in Sources */,
				A00000000000000000000704 /* MRRDemoSection.m in Sources */,
				A00000000000000000000705 /* MRRDemoDetail.m in Sources */,
				A0000000000000000000070A /* DemoDetailPresenter.m in Sources */,
				A0000000000000000000070C /* DemoListViewController.m in Sources */,
				A0000000000000000000070D /* DemoDetailViewController.m in Sources */,
				A0000000000000000000070E /* BasicsListViewController.m in Sources */,
				A0000000000000000000070F /* RelationshipsListViewController.m in Sources */,
				A00000000000000000000710 /* LifecycleListViewController.m in Sources */,
				A00000000000000000000716 /* BasicsDemoRepository.m in Sources */,
				A00000000000000000000717 /* BasicsLoadDemoListUseCase.m in Sources */,
				A00000000000000000000718 /* BasicsLoadDemoDetailUseCase.m in Sources */,
				A00000000000000000000719 /* BasicsListPresenter.m in Sources */,
				A0000000000000000000071A /* BasicsScreenFactory.m in Sources */,
				A0000000000000000000071B /* RelationshipsDemoRepository.m in Sources */,
				A0000000000000000000071C /* RelationshipsLoadDemoListUseCase.m in Sources */,
				A0000000000000000000071D /* RelationshipsLoadDemoDetailUseCase.m in Sources */,
				A0000000000000000000071E /* RelationshipsListPresenter.m in Sources */,
				A0000000000000000000071F /* RelationshipsScreenFactory.m in Sources */,
				A00000000000000000000720 /* LifecycleDemoRepository.m in Sources */,
				A00000000000000000000721 /* LifecycleLoadDemoListUseCase.m in Sources */,
				A00000000000000000000722 /* LifecycleLoadDemoDetailUseCase.m in Sources */,
				A00000000000000000000723 /* LifecycleListPresenter.m in Sources */,
				A00000000000000000000724 /* LifecycleScreenFactory.m in Sources */,
				A00000000000000000000725 /* OnboardingStateController.m in Sources */,
				A00000000000000000000726 /* OnboardingViewController.m in Sources */,
				A00000000000000000000727 /* MainMenuViewController.m in Sources */,
			);
			runOnlyForDeploymentPostprocessing = 0;
		};
		A00000000000000000000403 /* Sources */ = {
			isa = PBXSourcesBuildPhase;
			buildActionMask = 2147483647;
			files = (
				A00000000000000000000711 /* RepositoryAndUseCaseTests.m in Sources */,
				A00000000000000000000712 /* PresenterTests.m in Sources */,
				A00000000000000000000713 /* DemoScreenFactoryTests.m in Sources */,
				A00000000000000000000714 /* DemoListViewControllerTests.m in Sources */,
				A00000000000000000000728 /* AppLaunchFlowTests.m in Sources */,
			);
			runOnlyForDeploymentPostprocessing = 0;
		};
/* End PBXSourcesBuildPhase section */

/* Begin PBXTargetDependency section */
		A00000000000000000000501 /* PBXTargetDependency */ = {
			isa = PBXTargetDependency;
			target = A00000000000000000000100 /* MRR Project */;
			targetProxy = A00000000000000000000500 /* PBXContainerItemProxy */;
		};
/* End PBXTargetDependency section */

/* Begin XCBuildConfiguration section */
		A00000000000000000000300 /* Debug */ = {
			isa = XCBuildConfiguration;
			buildSettings = {
				ALWAYS_SEARCH_USER_PATHS = NO;
				ASSETCATALOG_COMPILER_GENERATE_SWIFT_ASSET_SYMBOL_EXTENSIONS = YES;
				CLANG_ANALYZER_NONNULL = YES;
				CLANG_ANALYZER_NUMBER_OBJECT_CONVERSION = YES_AGGRESSIVE;
				CLANG_CXX_LANGUAGE_STANDARD = "gnu++20";
				CLANG_ENABLE_MODULES = YES;
				CLANG_ENABLE_OBJC_ARC = NO;
				CLANG_ENABLE_OBJC_WEAK = YES;
				CLANG_WARN_BLOCK_CAPTURE_AUTORELEASING = YES;
				CLANG_WARN_BOOL_CONVERSION = YES;
				CLANG_WARN_COMMA = YES;
				CLANG_WARN_CONSTANT_CONVERSION = YES;
				CLANG_WARN_DEPRECATED_OBJC_IMPLEMENTATIONS = YES;
				CLANG_WARN_DIRECT_OBJC_ISA_USAGE = YES_ERROR;
				CLANG_WARN_DOCUMENTATION_COMMENTS = YES;
				CLANG_WARN_EMPTY_BODY = YES;
				CLANG_WARN_ENUM_CONVERSION = YES;
				CLANG_WARN_INFINITE_RECURSION = YES;
				CLANG_WARN_INT_CONVERSION = YES;
				CLANG_WARN_NON_LITERAL_NULL_CONVERSION = YES;
				CLANG_WARN_OBJC_IMPLICIT_RETAIN_SELF = YES;
				CLANG_WARN_OBJC_LITERAL_CONVERSION = YES;
				CLANG_WARN_OBJC_ROOT_CLASS = YES_ERROR;
				CLANG_WARN_QUOTED_INCLUDE_IN_FRAMEWORK_HEADER = YES;
				CLANG_WARN_RANGE_LOOP_ANALYSIS = YES;
				CLANG_WARN_STRICT_PROTOTYPES = YES;
				CLANG_WARN_SUSPICIOUS_MOVE = YES;
				CLANG_WARN_UNGUARDED_AVAILABILITY = YES_AGGRESSIVE;
				CLANG_WARN_UNREACHABLE_CODE = YES;
				CLANG_WARN__DUPLICATE_METHOD_MATCH = YES;
				COPY_PHASE_STRIP = NO;
				DEBUG_INFORMATION_FORMAT = dwarf;
				ENABLE_STRICT_OBJC_MSGSEND = YES;
				ENABLE_TESTABILITY = YES;
				ENABLE_USER_SCRIPT_SANDBOXING = YES;
				GCC_C_LANGUAGE_STANDARD = gnu17;
				GCC_DYNAMIC_NO_PIC = NO;
				GCC_NO_COMMON_BLOCKS = YES;
				GCC_OPTIMIZATION_LEVEL = 0;
				GCC_PREPROCESSOR_DEFINITIONS = (
					"DEBUG=1",
					"$(inherited)",
				);
				GCC_WARN_64_TO_32_BIT_CONVERSION = YES;
				GCC_WARN_ABOUT_RETURN_TYPE = YES_ERROR;
				GCC_WARN_UNDECLARED_SELECTOR = YES;
				GCC_WARN_UNINITIALIZED_AUTOS = YES_AGGRESSIVE;
				GCC_WARN_UNUSED_FUNCTION = YES;
				GCC_WARN_UNUSED_VARIABLE = YES;
				IPHONEOS_DEPLOYMENT_TARGET = 12.0;
				LOCALIZATION_PREFERS_STRING_CATALOGS = YES;
				MTL_ENABLE_DEBUG_INFO = INCLUDE_SOURCE;
				MTL_FAST_MATH = YES;
				ONLY_ACTIVE_ARCH = YES;
				SDKROOT = iphoneos;
			};
			name = Debug;
		};
		A00000000000000000000301 /* Release */ = {
			isa = XCBuildConfiguration;
			buildSettings = {
				ALWAYS_SEARCH_USER_PATHS = NO;
				ASSETCATALOG_COMPILER_GENERATE_SWIFT_ASSET_SYMBOL_EXTENSIONS = YES;
				CLANG_ANALYZER_NONNULL = YES;
				CLANG_ANALYZER_NUMBER_OBJECT_CONVERSION = YES_AGGRESSIVE;
				CLANG_CXX_LANGUAGE_STANDARD = "gnu++20";
				CLANG_ENABLE_MODULES = YES;
				CLANG_ENABLE_OBJC_ARC = NO;
				CLANG_ENABLE_OBJC_WEAK = YES;
				CLANG_WARN_BLOCK_CAPTURE_AUTORELEASING = YES;
				CLANG_WARN_BOOL_CONVERSION = YES;
				CLANG_WARN_COMMA = YES;
				CLANG_WARN_CONSTANT_CONVERSION = YES;
				CLANG_WARN_DEPRECATED_OBJC_IMPLEMENTATIONS = YES;
				CLANG_WARN_DIRECT_OBJC_ISA_USAGE = YES_ERROR;
				CLANG_WARN_DOCUMENTATION_COMMENTS = YES;
				CLANG_WARN_EMPTY_BODY = YES;
				CLANG_WARN_ENUM_CONVERSION = YES;
				CLANG_WARN_INFINITE_RECURSION = YES;
				CLANG_WARN_INT_CONVERSION = YES;
				CLANG_WARN_NON_LITERAL_NULL_CONVERSION = YES;
				CLANG_WARN_OBJC_IMPLICIT_RETAIN_SELF = YES;
				CLANG_WARN_OBJC_LITERAL_CONVERSION = YES;
				CLANG_WARN_OBJC_ROOT_CLASS = YES_ERROR;
				CLANG_WARN_QUOTED_INCLUDE_IN_FRAMEWORK_HEADER = YES;
				CLANG_WARN_RANGE_LOOP_ANALYSIS = YES;
				CLANG_WARN_STRICT_PROTOTYPES = YES;
				CLANG_WARN_SUSPICIOUS_MOVE = YES;
				CLANG_WARN_UNGUARDED_AVAILABILITY = YES_AGGRESSIVE;
				CLANG_WARN_UNREACHABLE_CODE = YES;
				CLANG_WARN__DUPLICATE_METHOD_MATCH = YES;
				COPY_PHASE_STRIP = NO;
				DEBUG_INFORMATION_FORMAT = "dwarf-with-dsym";
				ENABLE_NS_ASSERTIONS = NO;
				ENABLE_STRICT_OBJC_MSGSEND = YES;
				ENABLE_USER_SCRIPT_SANDBOXING = YES;
				GCC_C_LANGUAGE_STANDARD = gnu17;
				GCC_NO_COMMON_BLOCKS = YES;
				GCC_WARN_64_TO_32_BIT_CONVERSION = YES;
				GCC_WARN_ABOUT_RETURN_TYPE = YES_ERROR;
				GCC_WARN_UNDECLARED_SELECTOR = YES;
				GCC_WARN_UNINITIALIZED_AUTOS = YES_AGGRESSIVE;
				GCC_WARN_UNUSED_FUNCTION = YES;
				GCC_WARN_UNUSED_VARIABLE = YES;
				IPHONEOS_DEPLOYMENT_TARGET = 12.0;
				LOCALIZATION_PREFERS_STRING_CATALOGS = YES;
				MTL_ENABLE_DEBUG_INFO = NO;
				MTL_FAST_MATH = YES;
				SDKROOT = iphoneos;
				VALIDATE_PRODUCT = YES;
			};
			name = Release;
		};
		A00000000000000000000302 /* Debug */ = {
			isa = XCBuildConfiguration;
			buildSettings = {
				CODE_SIGN_STYLE = Automatic;
				CURRENT_PROJECT_VERSION = 1;
				DEVELOPMENT_TEAM = 2N64875GLV;
				GENERATE_INFOPLIST_FILE = YES;
				INFOPLIST_FILE = "MRR Project/App/Info.plist";
				INFOPLIST_KEY_UIApplicationSupportsIndirectInputEvents = YES;
				INFOPLIST_KEY_UIRequiredDeviceCapabilities = armv7;
				INFOPLIST_KEY_UISupportedInterfaceOrientations = UIInterfaceOrientationPortrait;
				INFOPLIST_KEY_UISupportedInterfaceOrientations_iPad = "UIInterfaceOrientationPortrait UIInterfaceOrientationPortraitUpsideDown";
				LD_RUNPATH_SEARCH_PATHS = (
					"$(inherited)",
					"@executable_path/Frameworks",
				);
				MARKETING_VERSION = 1.0;
				PRODUCT_BUNDLE_IDENTIFIER = "com.bengidev.MRR-Project";
				PRODUCT_NAME = "$(TARGET_NAME)";
				SUPPORTED_PLATFORMS = "iphoneos iphonesimulator";
				SUPPORTS_MACCATALYST = NO;
				SUPPORTS_MAC_DESIGNED_FOR_IPHONE_IPAD = NO;
				SUPPORTS_XR_DESIGNED_FOR_IPHONE_IPAD = NO;
				TARGETED_DEVICE_FAMILY = "1,2";
			};
			name = Debug;
		};
		A00000000000000000000303 /* Release */ = {
			isa = XCBuildConfiguration;
			buildSettings = {
				CODE_SIGN_STYLE = Automatic;
				CURRENT_PROJECT_VERSION = 1;
				DEVELOPMENT_TEAM = 2N64875GLV;
				GENERATE_INFOPLIST_FILE = YES;
				INFOPLIST_FILE = "MRR Project/App/Info.plist";
				INFOPLIST_KEY_UIApplicationSupportsIndirectInputEvents = YES;
				INFOPLIST_KEY_UIRequiredDeviceCapabilities = armv7;
				INFOPLIST_KEY_UISupportedInterfaceOrientations = UIInterfaceOrientationPortrait;
				INFOPLIST_KEY_UISupportedInterfaceOrientations_iPad = "UIInterfaceOrientationPortrait UIInterfaceOrientationPortraitUpsideDown";
				LD_RUNPATH_SEARCH_PATHS = (
					"$(inherited)",
					"@executable_path/Frameworks",
				);
				MARKETING_VERSION = 1.0;
				PRODUCT_BUNDLE_IDENTIFIER = "com.bengidev.MRR-Project";
				PRODUCT_NAME = "$(TARGET_NAME)";
				SUPPORTED_PLATFORMS = "iphoneos iphonesimulator";
				SUPPORTS_MACCATALYST = NO;
				SUPPORTS_MAC_DESIGNED_FOR_IPHONE_IPAD = NO;
				SUPPORTS_XR_DESIGNED_FOR_IPHONE_IPAD = NO;
				TARGETED_DEVICE_FAMILY = "1,2";
			};
			name = Release;
		};
		A00000000000000000000304 /* Debug */ = {
			isa = XCBuildConfiguration;
			buildSettings = {
				BUNDLE_LOADER = "$(TEST_HOST)";
				CLANG_ENABLE_OBJC_ARC = YES;
				CODE_SIGN_STYLE = Automatic;
				CURRENT_PROJECT_VERSION = 1;
				DEVELOPMENT_TEAM = 2N64875GLV;
				GENERATE_INFOPLIST_FILE = YES;
				IPHONEOS_DEPLOYMENT_TARGET = 12.0;
				LD_RUNPATH_SEARCH_PATHS = (
					"$(inherited)",
					"@executable_path/Frameworks",
					"@loader_path/Frameworks",
				);
				MARKETING_VERSION = 1.0;
				PRODUCT_BUNDLE_IDENTIFIER = "com.bengidev.MRR-ProjectTests";
				PRODUCT_NAME = "$(TARGET_NAME)";
				SKIP_INSTALL = YES;
				SUPPORTED_PLATFORMS = "iphoneos iphonesimulator";
				TARGETED_DEVICE_FAMILY = "1,2";
				TEST_HOST = "$(BUILT_PRODUCTS_DIR)/MRR Project.app/MRR Project";
				TEST_TARGET_NAME = "MRR Project";
			};
			name = Debug;
		};
		A00000000000000000000305 /* Release */ = {
			isa = XCBuildConfiguration;
			buildSettings = {
				BUNDLE_LOADER = "$(TEST_HOST)";
				CLANG_ENABLE_OBJC_ARC = YES;
				CODE_SIGN_STYLE = Automatic;
				CURRENT_PROJECT_VERSION = 1;
				DEVELOPMENT_TEAM = 2N64875GLV;
				GENERATE_INFOPLIST_FILE = YES;
				IPHONEOS_DEPLOYMENT_TARGET = 12.0;
				LD_RUNPATH_SEARCH_PATHS = (
					"$(inherited)",
					"@executable_path/Frameworks",
					"@loader_path/Frameworks",
				);
				MARKETING_VERSION = 1.0;
				PRODUCT_BUNDLE_IDENTIFIER = "com.bengidev.MRR-ProjectTests";
				PRODUCT_NAME = "$(TARGET_NAME)";
				SKIP_INSTALL = YES;
				SUPPORTED_PLATFORMS = "iphoneos iphonesimulator";
				TARGETED_DEVICE_FAMILY = "1,2";
				TEST_HOST = "$(BUILT_PRODUCTS_DIR)/MRR Project.app/MRR Project";
				TEST_TARGET_NAME = "MRR Project";
			};
			name = Release;
		};
/* End XCBuildConfiguration section */

/* Begin XCConfigurationList section */
		A00000000000000000000200 /* Build configuration list for PBXNativeTarget "MRR Project" */ = {
			isa = XCConfigurationList;
			buildConfigurations = (
				A00000000000000000000302 /* Debug */,
				A00000000000000000000303 /* Release */,
			);
			defaultConfigurationIsVisible = 0;
			defaultConfigurationName = Release;
		};
		A00000000000000000000201 /* Build configuration list for PBXNativeTarget "MRR ProjectTests" */ = {
			isa = XCConfigurationList;
			buildConfigurations = (
				A00000000000000000000304 /* Debug */,
				A00000000000000000000305 /* Release */,
			);
			defaultConfigurationIsVisible = 0;
			defaultConfigurationName = Release;
		};
		A00000000000000000000202 /* Build configuration list for PBXProject "MRR Project" */ = {
			isa = XCConfigurationList;
			buildConfigurations = (
				A00000000000000000000300 /* Debug */,
				A00000000000000000000301 /* Release */,
			);
			defaultConfigurationIsVisible = 0;
			defaultConfigurationName = Release;
		};
/* End XCConfigurationList section */
	};
	rootObject = A00000000000000000000001 /* Project object */;
}
