// !$*UTF8*$!
{
	archiveVersion = 1;
	classes = {
	};
	objectVersion = 56;
	objects = {

/* Begin PBXBuildFile section */
		A00000000000000000000700 /* main.m in Sources */ = {isa = PBXBuildFile; fileRef = A00000000000000000000603 /* main.m */; };
		A00000000000000000000701 /* AppDelegate.m in Sources */ = {isa = PBXBuildFile; fileRef = A00000000000000000000605 /* AppDelegate.m */; };
		A00000000000000000000715 /* XCTest.framework in Frameworks */ = {isa = PBXBuildFile; fileRef = A00000000000000000000602 /* XCTest.framework */; };
		A00000000000000000000725 /* OnboardingStateController.m in Sources */ = {isa = PBXBuildFile; fileRef = A0000000000000000000064F /* OnboardingStateController.m */; };
		A00000000000000000000726 /* OnboardingViewController.m in Sources */ = {isa = PBXBuildFile; fileRef = A00000000000000000000651 /* OnboardingViewController.m */; };
		A00000000000000000000728 /* AppLaunchFlowTests.m in Sources */ = {isa = PBXBuildFile; fileRef = A00000000000000000000654 /* AppLaunchFlowTests.m */; };
		A00000000000000000000729 /* Assets.xcassets in Resources */ = {isa = PBXBuildFile; fileRef = A00000000000000000000655 /* Assets.xcassets */; };
		A00000000000000000000730 /* OnboardingRecipeDetailViewController.m in Sources */ = {isa = PBXBuildFile; fileRef = A00000000000000000000657 /* OnboardingRecipeDetailViewController.m */; };
		A00000000000000000000731 /* OnboardingRecipeCarouselCell.m in Sources */ = {isa = PBXBuildFile; fileRef = A00000000000000000000659 /* OnboardingRecipeCarouselCell.m */; };
		A00000000000000000000732 /* OnboardingStateControllerTests.m in Sources */ = {isa = PBXBuildFile; fileRef = A0000000000000000000065A /* OnboardingStateControllerTests.m */; };
		A00000000000000000000733 /* OnboardingViewControllerTests.m in Sources */ = {isa = PBXBuildFile; fileRef = A0000000000000000000065B /* OnboardingViewControllerTests.m */; };
		A00000000000000000000734 /* MRRLayoutScaling.m in Sources */ = {isa = PBXBuildFile; fileRef = A00000000000000000000661 /* MRRLayoutScaling.m */; };
		A00000000000000000000735 /* MRRLayoutScalingTests.m in Sources */ = {isa = PBXBuildFile; fileRef = A00000000000000000000662 /* MRRLayoutScalingTests.m */; };
		A00000000000000000000736 /* MRRAuthSession.m in Sources */ = {isa = PBXBuildFile; fileRef = A00000000000000000000665 /* MRRAuthSession.m */; };
		A00000000000000000000737 /* MRRAuthErrorMapper.m in Sources */ = {isa = PBXBuildFile; fileRef = A00000000000000000000667 /* MRRAuthErrorMapper.m */; };
		A00000000000000000000738 /* MRRFirebaseAuthenticationController.m in Sources */ = {isa = PBXBuildFile; fileRef = A00000000000000000000669 /* MRRFirebaseAuthenticationController.m */; };
		A00000000000000000000739 /* MRREmailAuthenticationViewController.m in Sources */ = {isa = PBXBuildFile; fileRef = A0000000000000000000066B /* MRREmailAuthenticationViewController.m */; };
		A0000000000000000000073A /* HomeViewController.m in Sources */ = {isa = PBXBuildFile; fileRef = A0000000000000000000066D /* HomeViewController.m */; };
		A0000000000000000000073B /* OnboardingAuthFlowTests.m in Sources */ = {isa = PBXBuildFile; fileRef = A0000000000000000000066E /* OnboardingAuthFlowTests.m */; };
		A0000000000000000000073C /* HomeViewControllerTests.m in Sources */ = {isa = PBXBuildFile; fileRef = A0000000000000000000066F /* HomeViewControllerTests.m */; };
		B62132B22F6531980061670E /* FirebaseAuth in Frameworks */ = {isa = PBXBuildFile; productRef = B62132B12F6531980061670E /* FirebaseAuth */; };
		B62132B52F6533030061670E /* GoogleSignIn in Frameworks */ = {isa = PBXBuildFile; productRef = B62132B42F6533030061670E /* GoogleSignIn */; };
		B62132BC2F6533890061670E /* GoogleService-Info.plist in Resources */ = {isa = PBXBuildFile; fileRef = B62132BB2F6533890061670E /* GoogleService-Info.plist */; };
		B62132BD2F6533890061670E /* GoogleService-Info.plist in Resources */ = {isa = PBXBuildFile; fileRef = B62132BB2F6533890061670E /* GoogleService-Info.plist */; };
/* End PBXBuildFile section */

/* Begin PBXContainerItemProxy section */
		A00000000000000000000500 /* PBXContainerItemProxy */ = {
			isa = PBXContainerItemProxy;
			containerPortal = A00000000000000000000001 /* Project object */;
			proxyType = 1;
			remoteGlobalIDString = A00000000000000000000100;
			remoteInfo = "MRR Project";
		};
/* End PBXContainerItemProxy section */

/* Begin PBXFileReference section */
		A00000000000000000000600 /* MRR Project.app */ = {isa = PBXFileReference; explicitFileType = wrapper.application; includeInIndex = 0; path = "MRR Project.app"; sourceTree = BUILT_PRODUCTS_DIR; };
		A00000000000000000000601 /* MRR ProjectTests.xctest */ = {isa = PBXFileReference; explicitFileType = wrapper.cfbundle; includeInIndex = 0; path = "MRR ProjectTests.xctest"; sourceTree = BUILT_PRODUCTS_DIR; };
		A00000000000000000000602 /* XCTest.framework */ = {isa = PBXFileReference; lastKnownFileType = wrapper.framework; name = XCTest.framework; path = System/Library/Frameworks/XCTest.framework; sourceTree = SDKROOT; };
		A00000000000000000000603 /* main.m */ = {isa = PBXFileReference; lastKnownFileType = sourcecode.c.objc; path = main.m; sourceTree = "<group>"; };
		A00000000000000000000604 /* AppDelegate.h */ = {isa = PBXFileReference; lastKnownFileType = sourcecode.c.h; path = AppDelegate.h; sourceTree = "<group>"; };
		A00000000000000000000605 /* AppDelegate.m */ = {isa = PBXFileReference; lastKnownFileType = sourcecode.c.objc; path = AppDelegate.m; sourceTree = "<group>"; };
		A00000000000000000000606 /* Info.plist */ = {isa = PBXFileReference; lastKnownFileType = text.plist.xml; path = Info.plist; sourceTree = "<group>"; };
		A0000000000000000000064E /* OnboardingStateController.h */ = {isa = PBXFileReference; lastKnownFileType = sourcecode.c.h; path = OnboardingStateController.h; sourceTree = "<group>"; };
		A0000000000000000000064F /* OnboardingStateController.m */ = {isa = PBXFileReference; lastKnownFileType = sourcecode.c.objc; path = OnboardingStateController.m; sourceTree = "<group>"; };
		A00000000000000000000650 /* OnboardingViewController.h */ = {isa = PBXFileReference; lastKnownFileType = sourcecode.c.h; path = OnboardingViewController.h; sourceTree = "<group>"; };
		A00000000000000000000651 /* OnboardingViewController.m */ = {isa = PBXFileReference; lastKnownFileType = sourcecode.c.objc; path = OnboardingViewController.m; sourceTree = "<group>"; };
		A00000000000000000000654 /* AppLaunchFlowTests.m */ = {isa = PBXFileReference; lastKnownFileType = sourcecode.c.objc; path = AppLaunchFlowTests.m; sourceTree = "<group>"; };
		A00000000000000000000655 /* Assets.xcassets */ = {isa = PBXFileReference; lastKnownFileType = folder.assetcatalog; path = Assets.xcassets; sourceTree = "<group>"; };
		A00000000000000000000656 /* OnboardingRecipeDetailViewController.h */ = {isa = PBXFileReference; lastKnownFileType = sourcecode.c.h; path = OnboardingRecipeDetailViewController.h; sourceTree = "<group>"; };
		A00000000000000000000657 /* OnboardingRecipeDetailViewController.m */ = {isa = PBXFileReference; lastKnownFileType = sourcecode.c.objc; path = OnboardingRecipeDetailViewController.m; sourceTree = "<group>"; };
		A00000000000000000000658 /* OnboardingRecipeCarouselCell.h */ = {isa = PBXFileReference; lastKnownFileType = sourcecode.c.h; path = OnboardingRecipeCarouselCell.h; sourceTree = "<group>"; };
		A00000000000000000000659 /* OnboardingRecipeCarouselCell.m */ = {isa = PBXFileReference; lastKnownFileType = sourcecode.c.objc; path = OnboardingRecipeCarouselCell.m; sourceTree = "<group>"; };
		A0000000000000000000065A /* OnboardingStateControllerTests.m */ = {isa = PBXFileReference; lastKnownFileType = sourcecode.c.objc; path = OnboardingStateControllerTests.m; sourceTree = "<group>"; };
		A0000000000000000000065B /* OnboardingViewControllerTests.m */ = {isa = PBXFileReference; lastKnownFileType = sourcecode.c.objc; path = OnboardingViewControllerTests.m; sourceTree = "<group>"; };
		A00000000000000000000660 /* MRRLayoutScaling.h */ = {isa = PBXFileReference; lastKnownFileType = sourcecode.c.h; path = MRRLayoutScaling.h; sourceTree = "<group>"; };
		A00000000000000000000661 /* MRRLayoutScaling.m */ = {isa = PBXFileReference; lastKnownFileType = sourcecode.c.objc; path = MRRLayoutScaling.m; sourceTree = "<group>"; };
		A00000000000000000000662 /* MRRLayoutScalingTests.m */ = {isa = PBXFileReference; lastKnownFileType = sourcecode.c.objc; path = MRRLayoutScalingTests.m; sourceTree = "<group>"; };
		A00000000000000000000663 /* MRRAuthenticationController.h */ = {isa = PBXFileReference; lastKnownFileType = sourcecode.c.h; path = MRRAuthenticationController.h; sourceTree = "<group>"; };
		A00000000000000000000664 /* MRRAuthSession.h */ = {isa = PBXFileReference; lastKnownFileType = sourcecode.c.h; path = MRRAuthSession.h; sourceTree = "<group>"; };
		A00000000000000000000665 /* MRRAuthSession.m */ = {isa = PBXFileReference; lastKnownFileType = sourcecode.c.objc; path = MRRAuthSession.m; sourceTree = "<group>"; };
		A00000000000000000000666 /* MRRAuthErrorMapper.h */ = {isa = PBXFileReference; lastKnownFileType = sourcecode.c.h; path = MRRAuthErrorMapper.h; sourceTree = "<group>"; };
		A00000000000000000000667 /* MRRAuthErrorMapper.m */ = {isa = PBXFileReference; lastKnownFileType = sourcecode.c.objc; path = MRRAuthErrorMapper.m; sourceTree = "<group>"; };
		A00000000000000000000668 /* MRRFirebaseAuthenticationController.h */ = {isa = PBXFileReference; lastKnownFileType = sourcecode.c.h; path = MRRFirebaseAuthenticationController.h; sourceTree = "<group>"; };
		A00000000000000000000669 /* MRRFirebaseAuthenticationController.m */ = {isa = PBXFileReference; lastKnownFileType = sourcecode.c.objc; path = MRRFirebaseAuthenticationController.m; sourceTree = "<group>"; };
		A0000000000000000000066A /* MRREmailAuthenticationViewController.h */ = {isa = PBXFileReference; lastKnownFileType = sourcecode.c.h; path = MRREmailAuthenticationViewController.h; sourceTree = "<group>"; };
		A0000000000000000000066B /* MRREmailAuthenticationViewController.m */ = {isa = PBXFileReference; lastKnownFileType = sourcecode.c.objc; path = MRREmailAuthenticationViewController.m; sourceTree = "<group>"; };
		A0000000000000000000066C /* HomeViewController.h */ = {isa = PBXFileReference; lastKnownFileType = sourcecode.c.h; path = HomeViewController.h; sourceTree = "<group>"; };
		A0000000000000000000066D /* HomeViewController.m */ = {isa = PBXFileReference; lastKnownFileType = sourcecode.c.objc; path = HomeViewController.m; sourceTree = "<group>"; };
		A0000000000000000000066E /* OnboardingAuthFlowTests.m */ = {isa = PBXFileReference; lastKnownFileType = sourcecode.c.objc; path = OnboardingAuthFlowTests.m; sourceTree = "<group>"; };
		A0000000000000000000066F /* HomeViewControllerTests.m */ = {isa = PBXFileReference; lastKnownFileType = sourcecode.c.objc; path = HomeViewControllerTests.m; sourceTree = "<group>"; };
		B62132BB2F6533890061670E /* GoogleService-Info.plist */ = {isa = PBXFileReference; lastKnownFileType = text.plist.xml; path = "GoogleService-Info.plist"; sourceTree = "<group>"; };
/* End PBXFileReference section */

/* Begin PBXFrameworksBuildPhase section */
		A00000000000000000000401 /* Frameworks */ = {
			isa = PBXFrameworksBuildPhase;
			buildActionMask = 2147483647;
			files = (
				B62132B22F6531980061670E /* FirebaseAuth in Frameworks */,
				B62132B52F6533030061670E /* GoogleSignIn in Frameworks */,
			);
			runOnlyForDeploymentPostprocessing = 0;
		};
		A00000000000000000000404 /* Frameworks */ = {
			isa = PBXFrameworksBuildPhase;
			buildActionMask = 2147483647;
			files = (
				A00000000000000000000715 /* XCTest.framework in Frameworks */,
			);
			runOnlyForDeploymentPostprocessing = 0;
		};
/* End PBXFrameworksBuildPhase section */

/* Begin PBXGroup section */
		A00000000000000000000002 = {
			isa = PBXGroup;
			children = (
				A00000000000000000000003 /* MRR Project */,
				A00000000000000000000005 /* MRR ProjectTests */,
				A00000000000000000000004 /* Products */,
				B6B2BF072F61276B00BF945D /* Recovered References */,
			);
			sourceTree = "<group>";
		};
		A00000000000000000000003 /* MRR Project */ = {
			isa = PBXGroup;
			children = (
				B6B2BF092F61293700BF945D /* Resources */,
				A00000000000000000000033 /* Layout */,
				A00000000000000000000018 /* App */,
				A00000000000000000000011 /* Features */,
			);
			path = "MRR Project";
			sourceTree = "<group>";
		};
		A00000000000000000000004 /* Products */ = {
			isa = PBXGroup;
			children = (
				A00000000000000000000600 /* MRR Project.app */,
				A00000000000000000000601 /* MRR ProjectTests.xctest */,
			);
			name = Products;
			sourceTree = "<group>";
		};
		A00000000000000000000005 /* MRR ProjectTests */ = {
			isa = PBXGroup;
			children = (
				A00000000000000000000654 /* AppLaunchFlowTests.m */,
				A0000000000000000000066F /* HomeViewControllerTests.m */,
				A00000000000000000000662 /* MRRLayoutScalingTests.m */,
				A0000000000000000000066E /* OnboardingAuthFlowTests.m */,
				A0000000000000000000065A /* OnboardingStateControllerTests.m */,
				A0000000000000000000065B /* OnboardingViewControllerTests.m */,
			);
			path = "MRR ProjectTests";
			sourceTree = "<group>";
		};
		A00000000000000000000011 /* Features */ = {
			isa = PBXGroup;
			children = (
				A00000000000000000000034 /* Authentication */,
				A00000000000000000000035 /* Home */,
				A0000000000000000000002E /* Onboarding */,
			);
			path = Features;
			sourceTree = "<group>";
		};
		A00000000000000000000018 /* App */ = {
			isa = PBXGroup;
			children = (
				A00000000000000000000604 /* AppDelegate.h */,
				A00000000000000000000605 /* AppDelegate.m */,
				A00000000000000000000603 /* main.m */,
			);
			path = App;
			sourceTree = "<group>";
		};
		A0000000000000000000002E /* Onboarding */ = {
			isa = PBXGroup;
			children = (
				A0000000000000000000002F /* Data */,
				A00000000000000000000030 /* Presentation */,
			);
			path = Onboarding;
			sourceTree = "<group>";
		};
		A0000000000000000000002F /* Data */ = {
			isa = PBXGroup;
			children = (
				A0000000000000000000064E /* OnboardingStateController.h */,
				A0000000000000000000064F /* OnboardingStateController.m */,
			);
			path = Data;
			sourceTree = "<group>";
		};
		A00000000000000000000030 /* Presentation */ = {
			isa = PBXGroup;
			children = (
				A00000000000000000000031 /* ViewControllers */,
				A00000000000000000000032 /* Views */,
			);
			path = Presentation;
			sourceTree = "<group>";
		};
		A00000000000000000000031 /* ViewControllers */ = {
			isa = PBXGroup;
			children = (
				A00000000000000000000650 /* OnboardingViewController.h */,
				A00000000000000000000651 /* OnboardingViewController.m */,
				A00000000000000000000656 /* OnboardingRecipeDetailViewController.h */,
				A00000000000000000000657 /* OnboardingRecipeDetailViewController.m */,
			);
			path = ViewControllers;
			sourceTree = "<group>";
		};
		A00000000000000000000032 /* Views */ = {
			isa = PBXGroup;
			children = (
				A00000000000000000000658 /* OnboardingRecipeCarouselCell.h */,
				A00000000000000000000659 /* OnboardingRecipeCarouselCell.m */,
			);
			path = Views;
			sourceTree = "<group>";
		};
		A00000000000000000000033 /* Layout */ = {
			isa = PBXGroup;
			children = (
				A00000000000000000000660 /* MRRLayoutScaling.h */,
				A00000000000000000000661 /* MRRLayoutScaling.m */,
			);
			path = Layout;
			sourceTree = "<group>";
		};
		A00000000000000000000034 /* Authentication */ = {
			isa = PBXGroup;
			children = (
				A00000000000000000000663 /* MRRAuthenticationController.h */,
				A00000000000000000000664 /* MRRAuthSession.h */,
				A00000000000000000000665 /* MRRAuthSession.m */,
				A00000000000000000000666 /* MRRAuthErrorMapper.h */,
				A00000000000000000000667 /* MRRAuthErrorMapper.m */,
				A00000000000000000000668 /* MRRFirebaseAuthenticationController.h */,
				A00000000000000000000669 /* MRRFirebaseAuthenticationController.m */,
				A0000000000000000000066A /* MRREmailAuthenticationViewController.h */,
				A0000000000000000000066B /* MRREmailAuthenticationViewController.m */,
			);
			path = Authentication;
			sourceTree = "<group>";
		};
		A00000000000000000000035 /* Home */ = {
			isa = PBXGroup;
			children = (
				A0000000000000000000066C /* HomeViewController.h */,
				A0000000000000000000066D /* HomeViewController.m */,
			);
			path = Home;
			sourceTree = "<group>";
		};
		B6B2BF072F61276B00BF945D /* Recovered References */ = {
			isa = PBXGroup;
			children = (
				A00000000000000000000602 /* XCTest.framework */,
			);
			name = "Recovered References";
			sourceTree = "<group>";
		};
		B6B2BF092F61293700BF945D /* Resources */ = {
			isa = PBXGroup;
			children = (
				A00000000000000000000655 /* Assets.xcassets */,
				A00000000000000000000606 /* Info.plist */,
				B62132BB2F6533890061670E /* GoogleService-Info.plist */,
			);
			path = Resources;
			sourceTree = "<group>";
		};
/* End PBXGroup section */

/* Begin PBXNativeTarget section */
		A00000000000000000000100 /* MRR Project */ = {
			isa = PBXNativeTarget;
			buildConfigurationList = A00000000000000000000200 /* Build configuration list for PBXNativeTarget "MRR Project" */;
			buildPhases = (
				A00000000000000000000400 /* Sources */,
				A00000000000000000000401 /* Frameworks */,
				A00000000000000000000402 /* Resources */,
			);
			buildRules = (
			);
			dependencies = (
			);
			name = "MRR Project";
			packageProductDependencies = (
				B62132B12F6531980061670E /* FirebaseAuth */,
				B62132B42F6533030061670E /* GoogleSignIn */,
			);
			productName = "MRR Project";
			productReference = A00000000000000000000600 /* MRR Project.app */;
			productType = "com.apple.product-type.application";
		};
		A00000000000000000000101 /* MRR ProjectTests */ = {
			isa = PBXNativeTarget;
			buildConfigurationList = A00000000000000000000201 /* Build configuration list for PBXNativeTarget "MRR ProjectTests" */;
			buildPhases = (
				A00000000000000000000403 /* Sources */,
				A00000000000000000000404 /* Frameworks */,
				A00000000000000000000405 /* Resources */,
			);
			buildRules = (
			);
			dependencies = (
				A00000000000000000000501 /* PBXTargetDependency */,
			);
			name = "MRR ProjectTests";
			productName = "MRR ProjectTests";
			productReference = A00000000000000000000601 /* MRR ProjectTests.xctest */;
			productType = "com.apple.product-type.bundle.unit-test";
		};
/* End PBXNativeTarget section */

/* Begin PBXProject section */
		A00000000000000000000001 /* Project object */ = {
			isa = PBXProject;
			attributes = {
				BuildIndependentTargetsInParallel = 1;
				LastUpgradeCheck = 1500;
				TargetAttributes = {
					A00000000000000000000100 = {
						CreatedOnToolsVersion = 15.0;
					};
					A00000000000000000000101 = {
						CreatedOnToolsVersion = 15.0;
						TestTargetID = A00000000000000000000100;
					};
				};
			};
			buildConfigurationList = A00000000000000000000202 /* Build configuration list for PBXProject "MRR Project" */;
			compatibilityVersion = "Xcode 14.0";
			developmentRegion = en;
			hasScannedForEncodings = 0;
			knownRegions = (
				en,
				Base,
			);
			mainGroup = A00000000000000000000002;
			packageReferences = (
				B62132B02F6531980061670E /* XCRemoteSwiftPackageReference "firebase-ios-sdk" */,
				B62132B32F6533030061670E /* XCRemoteSwiftPackageReference "GoogleSignIn-iOS" */,
			);
			productRefGroup = A00000000000000000000004 /* Products */;
			projectDirPath = "";
			projectRoot = "";
			targets = (
				A00000000000000000000100 /* MRR Project */,
				A00000000000000000000101 /* MRR ProjectTests */,
			);
		};
/* End PBXProject section */

/* Begin PBXResourcesBuildPhase section */
		A00000000000000000000402 /* Resources */ = {
			isa = PBXResourcesBuildPhase;
			buildActionMask = 2147483647;
			files = (
				B62132BD2F6533890061670E /* GoogleService-Info.plist in Resources */,
				A00000000000000000000729 /* Assets.xcassets in Resources */,
			);
			runOnlyForDeploymentPostprocessing = 0;
		};
		A00000000000000000000405 /* Resources */ = {
			isa = PBXResourcesBuildPhase;
			buildActionMask = 2147483647;
			files = (
				B62132BC2F6533890061670E /* GoogleService-Info.plist in Resources */,
			);
			runOnlyForDeploymentPostprocessing = 0;
		};
/* End PBXResourcesBuildPhase section */

/* Begin PBXSourcesBuildPhase section */
		A00000000000000000000400 /* Sources */ = {
			isa = PBXSourcesBuildPhase;
			buildActionMask = 2147483647;
			files = (
				A00000000000000000000700 /* main.m in Sources */,
				A00000000000000000000701 /* AppDelegate.m in Sources */,
				A0000000000000000000073A /* HomeViewController.m in Sources */,
				A00000000000000000000734 /* MRRLayoutScaling.m in Sources */,
				A00000000000000000000737 /* MRRAuthErrorMapper.m in Sources */,
				A00000000000000000000736 /* MRRAuthSession.m in Sources */,
				A00000000000000000000739 /* MRREmailAuthenticationViewController.m in Sources */,
				A00000000000000000000738 /* MRRFirebaseAuthenticationController.m in Sources */,
				A00000000000000000000725 /* OnboardingStateController.m in Sources */,
				A00000000000000000000726 /* OnboardingViewController.m in Sources */,
				A00000000000000000000730 /* OnboardingRecipeDetailViewController.m in Sources */,
				A00000000000000000000731 /* OnboardingRecipeCarouselCell.m in Sources */,
			);
			runOnlyForDeploymentPostprocessing = 0;
		};
		A00000000000000000000403 /* Sources */ = {
			isa = PBXSourcesBuildPhase;
			buildActionMask = 2147483647;
			files = (
				A00000000000000000000728 /* AppLaunchFlowTests.m in Sources */,
				A0000000000000000000073C /* HomeViewControllerTests.m in Sources */,
				A00000000000000000000735 /* MRRLayoutScalingTests.m in Sources */,
				A0000000000000000000073B /* OnboardingAuthFlowTests.m in Sources */,
				A00000000000000000000732 /* OnboardingStateControllerTests.m in Sources */,
				A00000000000000000000733 /* OnboardingViewControllerTests.m in Sources */,
			);
			runOnlyForDeploymentPostprocessing = 0;
		};
/* End PBXSourcesBuildPhase section */

/* Begin PBXTargetDependency section */
		A00000000000000000000501 /* PBXTargetDependency */ = {
			isa = PBXTargetDependency;
			target = A00000000000000000000100 /* MRR Project */;
			targetProxy = A00000000000000000000500 /* PBXContainerItemProxy */;
		};
/* End PBXTargetDependency section */

/* Begin XCBuildConfiguration section */
		A00000000000000000000300 /* Debug */ = {
			isa = XCBuildConfiguration;
			buildSettings = {
				ALWAYS_SEARCH_USER_PATHS = NO;
				ASSETCATALOG_COMPILER_GENERATE_SWIFT_ASSET_SYMBOL_EXTENSIONS = YES;
				CLANG_ANALYZER_NONNULL = YES;
				CLANG_ANALYZER_NUMBER_OBJECT_CONVERSION = YES_AGGRESSIVE;
				CLANG_CXX_LANGUAGE_STANDARD = "gnu++20";
				CLANG_ENABLE_MODULES = YES;
				CLANG_ENABLE_OBJC_ARC = NO;
				CLANG_ENABLE_OBJC_WEAK = YES;
				CLANG_WARN_BLOCK_CAPTURE_AUTORELEASING = YES;
				CLANG_WARN_BOOL_CONVERSION = YES;
				CLANG_WARN_COMMA = YES;
				CLANG_WARN_CONSTANT_CONVERSION = YES;
				CLANG_WARN_DEPRECATED_OBJC_IMPLEMENTATIONS = YES;
				CLANG_WARN_DIRECT_OBJC_ISA_USAGE = YES_ERROR;
				CLANG_WARN_DOCUMENTATION_COMMENTS = YES;
				CLANG_WARN_EMPTY_BODY = YES;
				CLANG_WARN_ENUM_CONVERSION = YES;
				CLANG_WARN_INFINITE_RECURSION = YES;
				CLANG_WARN_INT_CONVERSION = YES;
				CLANG_WARN_NON_LITERAL_NULL_CONVERSION = YES;
				CLANG_WARN_OBJC_IMPLICIT_RETAIN_SELF = YES;
				CLANG_WARN_OBJC_LITERAL_CONVERSION = YES;
				CLANG_WARN_OBJC_ROOT_CLASS = YES_ERROR;
				CLANG_WARN_QUOTED_INCLUDE_IN_FRAMEWORK_HEADER = YES;
				CLANG_WARN_RANGE_LOOP_ANALYSIS = YES;
				CLANG_WARN_STRICT_PROTOTYPES = YES;
				CLANG_WARN_SUSPICIOUS_MOVE = YES;
				CLANG_WARN_UNGUARDED_AVAILABILITY = YES_AGGRESSIVE;
				CLANG_WARN_UNREACHABLE_CODE = YES;
				CLANG_WARN__DUPLICATE_METHOD_MATCH = YES;
				COPY_PHASE_STRIP = NO;
				DEBUG_INFORMATION_FORMAT = dwarf;
				ENABLE_STRICT_OBJC_MSGSEND = YES;
				ENABLE_TESTABILITY = YES;
				ENABLE_USER_SCRIPT_SANDBOXING = YES;
				GCC_C_LANGUAGE_STANDARD = gnu17;
				GCC_DYNAMIC_NO_PIC = NO;
				GCC_NO_COMMON_BLOCKS = YES;
				GCC_OPTIMIZATION_LEVEL = 0;
				GCC_PREPROCESSOR_DEFINITIONS = (
					"DEBUG=1",
					"$(inherited)",
				);
				GCC_WARN_64_TO_32_BIT_CONVERSION = YES;
				GCC_WARN_ABOUT_RETURN_TYPE = YES_ERROR;
				GCC_WARN_UNDECLARED_SELECTOR = YES;
				GCC_WARN_UNINITIALIZED_AUTOS = YES_AGGRESSIVE;
				GCC_WARN_UNUSED_FUNCTION = YES;
				GCC_WARN_UNUSED_VARIABLE = YES;
				IPHONEOS_DEPLOYMENT_TARGET = 12.0;
				LOCALIZATION_PREFERS_STRING_CATALOGS = YES;
				MTL_ENABLE_DEBUG_INFO = INCLUDE_SOURCE;
				MTL_FAST_MATH = YES;
				ONLY_ACTIVE_ARCH = YES;
				SDKROOT = iphoneos;
			};
			name = Debug;
		};
		A00000000000000000000301 /* Release */ = {
			isa = XCBuildConfiguration;
			buildSettings = {
				ALWAYS_SEARCH_USER_PATHS = NO;
				ASSETCATALOG_COMPILER_GENERATE_SWIFT_ASSET_SYMBOL_EXTENSIONS = YES;
				CLANG_ANALYZER_NONNULL = YES;
				CLANG_ANALYZER_NUMBER_OBJECT_CONVERSION = YES_AGGRESSIVE;
				CLANG_CXX_LANGUAGE_STANDARD = "gnu++20";
				CLANG_ENABLE_MODULES = YES;
				CLANG_ENABLE_OBJC_ARC = NO;
				CLANG_ENABLE_OBJC_WEAK = YES;
				CLANG_WARN_BLOCK_CAPTURE_AUTORELEASING = YES;
				CLANG_WARN_BOOL_CONVERSION = YES;
				CLANG_WARN_COMMA = YES;
				CLANG_WARN_CONSTANT_CONVERSION = YES;
				CLANG_WARN_DEPRECATED_OBJC_IMPLEMENTATIONS = YES;
				CLANG_WARN_DIRECT_OBJC_ISA_USAGE = YES_ERROR;
				CLANG_WARN_DOCUMENTATION_COMMENTS = YES;
				CLANG_WARN_EMPTY_BODY = YES;
				CLANG_WARN_ENUM_CONVERSION = YES;
				CLANG_WARN_INFINITE_RECURSION = YES;
				CLANG_WARN_INT_CONVERSION = YES;
				CLANG_WARN_NON_LITERAL_NULL_CONVERSION = YES;
				CLANG_WARN_OBJC_IMPLICIT_RETAIN_SELF = YES;
				CLANG_WARN_OBJC_LITERAL_CONVERSION = YES;
				CLANG_WARN_OBJC_ROOT_CLASS = YES_ERROR;
				CLANG_WARN_QUOTED_INCLUDE_IN_FRAMEWORK_HEADER = YES;
				CLANG_WARN_RANGE_LOOP_ANALYSIS = YES;
				CLANG_WARN_STRICT_PROTOTYPES = YES;
				CLANG_WARN_SUSPICIOUS_MOVE = YES;
				CLANG_WARN_UNGUARDED_AVAILABILITY = YES_AGGRESSIVE;
				CLANG_WARN_UNREACHABLE_CODE = YES;
				CLANG_WARN__DUPLICATE_METHOD_MATCH = YES;
				COPY_PHASE_STRIP = NO;
				DEBUG_INFORMATION_FORMAT = "dwarf-with-dsym";
				ENABLE_NS_ASSERTIONS = NO;
				ENABLE_STRICT_OBJC_MSGSEND = YES;
				ENABLE_USER_SCRIPT_SANDBOXING = YES;
				GCC_C_LANGUAGE_STANDARD = gnu17;
				GCC_NO_COMMON_BLOCKS = YES;
				GCC_WARN_64_TO_32_BIT_CONVERSION = YES;
				GCC_WARN_ABOUT_RETURN_TYPE = YES_ERROR;
				GCC_WARN_UNDECLARED_SELECTOR = YES;
				GCC_WARN_UNINITIALIZED_AUTOS = YES_AGGRESSIVE;
				GCC_WARN_UNUSED_FUNCTION = YES;
				GCC_WARN_UNUSED_VARIABLE = YES;
				IPHONEOS_DEPLOYMENT_TARGET = 12.0;
				LOCALIZATION_PREFERS_STRING_CATALOGS = YES;
				MTL_ENABLE_DEBUG_INFO = NO;
				MTL_FAST_MATH = YES;
				SDKROOT = iphoneos;
				VALIDATE_PRODUCT = YES;
			};
			name = Release;
		};
		A00000000000000000000302 /* Debug */ = {
			isa = XCBuildConfiguration;
			buildSettings = {
				ASSETCATALOG_COMPILER_APPICON_NAME = AppIcon;
				CODE_SIGN_STYLE = Automatic;
				CURRENT_PROJECT_VERSION = 1;
				DEVELOPMENT_TEAM = 2N64875GLV;
				GENERATE_INFOPLIST_FILE = YES;
				INFOPLIST_FILE = "MRR Project/Resources/Info.plist";
				INFOPLIST_KEY_UIApplicationSupportsIndirectInputEvents = YES;
				INFOPLIST_KEY_UIRequiredDeviceCapabilities = armv7;
				INFOPLIST_KEY_UISupportedInterfaceOrientations = UIInterfaceOrientationPortrait;
				INFOPLIST_KEY_UISupportedInterfaceOrientations_iPad = "UIInterfaceOrientationPortrait UIInterfaceOrientationPortraitUpsideDown";
				IPHONEOS_DEPLOYMENT_TARGET = 12.0;
				LD_RUNPATH_SEARCH_PATHS = (
					"$(inherited)",
					"@executable_path/Frameworks",
				);
				MARKETING_VERSION = 1.0;
				OTHER_LDFLAGS = (
					"$(inherited)",
					"-ObjC",
				);
				PRODUCT_BUNDLE_IDENTIFIER = "com.bengidev.MRR-Project";
				PRODUCT_NAME = "$(TARGET_NAME)";
				SUPPORTED_PLATFORMS = "iphoneos iphonesimulator";
				SUPPORTS_MACCATALYST = NO;
				SUPPORTS_MAC_DESIGNED_FOR_IPHONE_IPAD = NO;
				SUPPORTS_XR_DESIGNED_FOR_IPHONE_IPAD = NO;
				TARGETED_DEVICE_FAMILY = "1,2";
			};
			name = Debug;
		};
		A00000000000000000000303 /* Release */ = {
			isa = XCBuildConfiguration;
			buildSettings = {
				ASSETCATALOG_COMPILER_APPICON_NAME = AppIcon;
				CODE_SIGN_STYLE = Automatic;
				CURRENT_PROJECT_VERSION = 1;
				DEVELOPMENT_TEAM = 2N64875GLV;
				GENERATE_INFOPLIST_FILE = YES;
				INFOPLIST_FILE = "MRR Project/Resources/Info.plist";
				INFOPLIST_KEY_UIApplicationSupportsIndirectInputEvents = YES;
				INFOPLIST_KEY_UIRequiredDeviceCapabilities = armv7;
				INFOPLIST_KEY_UISupportedInterfaceOrientations = UIInterfaceOrientationPortrait;
				INFOPLIST_KEY_UISupportedInterfaceOrientations_iPad = "UIInterfaceOrientationPortrait UIInterfaceOrientationPortraitUpsideDown";
				IPHONEOS_DEPLOYMENT_TARGET = 12.0;
				LD_RUNPATH_SEARCH_PATHS = (
					"$(inherited)",
					"@executable_path/Frameworks",
				);
				MARKETING_VERSION = 1.0;
				OTHER_LDFLAGS = (
					"$(inherited)",
					"-ObjC",
				);
				PRODUCT_BUNDLE_IDENTIFIER = "com.bengidev.MRR-Project";
				PRODUCT_NAME = "$(TARGET_NAME)";
				SUPPORTED_PLATFORMS = "iphoneos iphonesimulator";
				SUPPORTS_MACCATALYST = NO;
				SUPPORTS_MAC_DESIGNED_FOR_IPHONE_IPAD = NO;
				SUPPORTS_XR_DESIGNED_FOR_IPHONE_IPAD = NO;
				TARGETED_DEVICE_FAMILY = "1,2";
			};
			name = Release;
		};
		A00000000000000000000304 /* Debug */ = {
			isa = XCBuildConfiguration;
			buildSettings = {
				BUNDLE_LOADER = "$(TEST_HOST)";
				CLANG_ENABLE_OBJC_ARC = YES;
				CODE_SIGN_STYLE = Automatic;
				CURRENT_PROJECT_VERSION = 1;
				DEVELOPMENT_TEAM = 2N64875GLV;
				GENERATE_INFOPLIST_FILE = YES;
				IPHONEOS_DEPLOYMENT_TARGET = 12.0;
				LD_RUNPATH_SEARCH_PATHS = (
					"$(inherited)",
					"@executable_path/Frameworks",
					"@loader_path/Frameworks",
				);
				MARKETING_VERSION = 1.0;
				PRODUCT_BUNDLE_IDENTIFIER = "com.bengidev.MRR-ProjectTests";
				PRODUCT_NAME = "$(TARGET_NAME)";
				SKIP_INSTALL = YES;
				SUPPORTED_PLATFORMS = "iphoneos iphonesimulator";
				TARGETED_DEVICE_FAMILY = "1,2";
				TEST_HOST = "$(BUILT_PRODUCTS_DIR)/MRR Project.app/MRR Project";
				TEST_TARGET_NAME = "MRR Project";
			};
			name = Debug;
		};
		A00000000000000000000305 /* Release */ = {
			isa = XCBuildConfiguration;
			buildSettings = {
				BUNDLE_LOADER = "$(TEST_HOST)";
				CLANG_ENABLE_OBJC_ARC = YES;
				CODE_SIGN_STYLE = Automatic;
				CURRENT_PROJECT_VERSION = 1;
				DEVELOPMENT_TEAM = 2N64875GLV;
				GENERATE_INFOPLIST_FILE = YES;
				IPHONEOS_DEPLOYMENT_TARGET = 12.0;
				LD_RUNPATH_SEARCH_PATHS = (
					"$(inherited)",
					"@executable_path/Frameworks",
					"@loader_path/Frameworks",
				);
				MARKETING_VERSION = 1.0;
				PRODUCT_BUNDLE_IDENTIFIER = "com.bengidev.MRR-ProjectTests";
				PRODUCT_NAME = "$(TARGET_NAME)";
				SKIP_INSTALL = YES;
				SUPPORTED_PLATFORMS = "iphoneos iphonesimulator";
				TARGETED_DEVICE_FAMILY = "1,2";
				TEST_HOST = "$(BUILT_PRODUCTS_DIR)/MRR Project.app/MRR Project";
				TEST_TARGET_NAME = "MRR Project";
			};
			name = Release;
		};
/* End XCBuildConfiguration section */

/* Begin XCConfigurationList section */
		A00000000000000000000200 /* Build configuration list for PBXNativeTarget "MRR Project" */ = {
			isa = XCConfigurationList;
			buildConfigurations = (
				A00000000000000000000302 /* Debug */,
				A00000000000000000000303 /* Release */,
			);
			defaultConfigurationIsVisible = 0;
			defaultConfigurationName = Release;
		};
		A00000000000000000000201 /* Build configuration list for PBXNativeTarget "MRR ProjectTests" */ = {
			isa = XCConfigurationList;
			buildConfigurations = (
				A00000000000000000000304 /* Debug */,
				A00000000000000000000305 /* Release */,
			);
			defaultConfigurationIsVisible = 0;
			defaultConfigurationName = Release;
		};
		A00000000000000000000202 /* Build configuration list for PBXProject "MRR Project" */ = {
			isa = XCConfigurationList;
			buildConfigurations = (
				A00000000000000000000300 /* Debug */,
				A00000000000000000000301 /* Release */,
			);
			defaultConfigurationIsVisible = 0;
			defaultConfigurationName = Release;
		};
/* End XCConfigurationList section */

/* Begin XCRemoteSwiftPackageReference section */
		B62132B02F6531980061670E /* XCRemoteSwiftPackageReference "firebase-ios-sdk" */ = {
			isa = XCRemoteSwiftPackageReference;
			repositoryURL = "https://github.com/firebase/firebase-ios-sdk.git";
			requirement = {
				kind = exactVersion;
				version = 10.29.0;
			};
		};
		B62132B32F6533030061670E /* XCRemoteSwiftPackageReference "GoogleSignIn-iOS" */ = {
			isa = XCRemoteSwiftPackageReference;
			repositoryURL = "https://github.com/google/GoogleSignIn-iOS.git";
			requirement = {
				kind = exactVersion;
				version = 7.1.0;
			};
		};
/* End XCRemoteSwiftPackageReference section */

/* Begin XCSwiftPackageProductDependency section */
		B62132B12F6531980061670E /* FirebaseAuth */ = {
			isa = XCSwiftPackageProductDependency;
			package = B62132B02F6531980061670E /* XCRemoteSwiftPackageReference "firebase-ios-sdk" */;
			productName = FirebaseAuth;
		};
		B62132B42F6533030061670E /* GoogleSignIn */ = {
			isa = XCSwiftPackageProductDependency;
			package = B62132B32F6533030061670E /* XCRemoteSwiftPackageReference "GoogleSignIn-iOS" */;
			productName = GoogleSignIn;
		};
/* End XCSwiftPackageProductDependency section */
	};
	rootObject = A00000000000000000000001 /* Project object */;
}
